{
  "name": "geopicker-cli",
  "lockfileVersion": 2,
  "requires": true,
  "packages": {
    "": {
      "name": "geopicker-cli",
      "license": "BSD-3-Clause",
      "dependencies": {
        "commander": "^14.0.0"
      },
      "engines": {
        "node": ">= 16"
      }
    },
    "node_modules/commander": {
      "version": "14.0.0",
      "resolved": "https://registry.npmjs.org/commander/-/commander-14.0.0.tgz",
      "integrity": "sha512-2uM9rYjPvyq39NwLRqaiLtWHyDC1FvryJDa2ATTVims5YAS4PupsEQsDvP14FqhFr0P49CYDugi59xaxJlTXRA==",
      "engines": {
        "node": ">=20"
      }
    }
  },
  "dependencies": {
    "commander": {
      "version": "14.0.0",
      "resolved": "https://registry.npmjs.org/commander/-/commander-14.0.0.tgz",
      "integrity": "sha512-2uM9rYjPvyq39NwLRqaiLtWHyDC1FvryJDa2ATTVims5YAS4PupsEQsDvP14FqhFr0P49CYDugi59xaxJlTXRA=="
    }
  }
}
